
Microsoft Visual Studio Solution File, Format Version 12.00
# Visual Studio 15
VisualStudioVersion = 15.0.28307.852
MinimumVisualStudioVersion = 10.0.40219.1
Project("{FAE04EC0-301F-11D3-BF4B-00C04F79EFBC}") = "BK_RESTORE", "BK_RESTORE\BK_RESTORE.csproj", "{1A40E56F-80EE-4CCD-964A-E33A920121F7}"
EndProject
Global
	GlobalSection(SolutionConfigurationPlatforms) = preSolution
		Debug|Any CPU = Debug|Any CPU
		Release|Any CPU = Release|Any CPU
	EndGlobalSection
	GlobalSection(ProjectConfigurationPlatforms) = postSolution
		{1A40E56F-80EE-4CCD-964A-E33A920121F7}.Debug|Any CPU.ActiveCfg = Debug|Any CPU
		{1A40E56F-80EE-4CCD-964A-E33A920121F7}.Debug|Any CPU.Build.0 = Debug|Any CPU
		{1A40E56F-80EE-4CCD-964A-E33A920121F7}.Release|Any CPU.ActiveCfg = Release|Any CPU
		{1A40E56F-80EE-4CCD-964A-E33A920121F7}.Release|Any CPU.Build.0 = Release|Any CPU
	EndGlobalSection
	GlobalSection(SolutionProperties) = preSolution
		HideSolutionNode = FALSE
	EndGlobalSection
	GlobalSection(ExtensibilityGlobals) = postSolution
		SolutionGuid = {32ECFBF4-B838-4F54-8EA0-EE09B8A57774}
	EndGlobalSection
EndGlobal
